
Microsoft Visual Studio Solution File, Format Version 12.00
# Visual Studio 14
VisualStudioVersion = 14.0.25420.1
MinimumVisualStudioVersion = 10.0.40219.1
Project("{FAE04EC0-301F-11D3-BF4B-00C04F79EFBC}") = "rumah_scarlett.View", "rumah_scarlett.View\rumah_scarlett.View.csproj", "{96828994-696B-40D1-A002-47DED720604B}"
EndProject
Project("{FAE04EC0-301F-11D3-BF4B-00C04F79EFBC}") = "rumah_scarlett.Model", "rumah_scarlett.Model\rumah_scarlett.Model.csproj", "{23EC523C-1F24-44A5-A42B-F966D97A68BA}"
EndProject
Project("{FAE04EC0-301F-11D3-BF4B-00C04F79EFBC}") = "rumah_scarlett.Controller", "rumah_scarlett.Controller\rumah_scarlett.Controller.csproj", "{85808456-7CE3-4F06-B243-8F3AA5A4EEBA}"
EndProject
Project("{FAE04EC0-301F-11D3-BF4B-00C04F79EFBC}") = "rumah_scarlett.Helper", "rumah_scarlett.Helper\rumah_scarlett.Helper.csproj", "{E7306CB1-AF31-49C9-B386-B1AAC7C0E9C0}"
EndProject
Project("{FAE04EC0-301F-11D3-BF4B-00C04F79EFBC}") = "rumah_scarlett.UnitTest", "rumah_scarlett.UnitTest\rumah_scarlett.UnitTest.csproj", "{B4783DF2-9013-4E5A-9624-C2FCF19339A2}"
EndProject
Project("{FAE04EC0-301F-11D3-BF4B-00C04F79EFBC}") = "rumah_scarlett.Report", "rumah_scarlett.Report\rumah_scarlett.Report.csproj", "{52F1D6D6-1F69-435E-BE50-978A19A4E66A}"
EndProject
Global
	GlobalSection(SolutionConfigurationPlatforms) = preSolution
		Debug|Any CPU = Debug|Any CPU
		Release|Any CPU = Release|Any CPU
	EndGlobalSection
	GlobalSection(ProjectConfigurationPlatforms) = postSolution
		{96828994-696B-40D1-A002-47DED720604B}.Debug|Any CPU.ActiveCfg = Debug|Any CPU
		{96828994-696B-40D1-A002-47DED720604B}.Debug|Any CPU.Build.0 = Debug|Any CPU
		{96828994-696B-40D1-A002-47DED720604B}.Release|Any CPU.ActiveCfg = Release|Any CPU
		{96828994-696B-40D1-A002-47DED720604B}.Release|Any CPU.Build.0 = Release|Any CPU
		{23EC523C-1F24-44A5-A42B-F966D97A68BA}.Debug|Any CPU.ActiveCfg = Debug|Any CPU
		{23EC523C-1F24-44A5-A42B-F966D97A68BA}.Debug|Any CPU.Build.0 = Debug|Any CPU
		{23EC523C-1F24-44A5-A42B-F966D97A68BA}.Release|Any CPU.ActiveCfg = Release|Any CPU
		{23EC523C-1F24-44A5-A42B-F966D97A68BA}.Release|Any CPU.Build.0 = Release|Any CPU
		{85808456-7CE3-4F06-B243-8F3AA5A4EEBA}.Debug|Any CPU.ActiveCfg = Debug|Any CPU
		{85808456-7CE3-4F06-B243-8F3AA5A4EEBA}.Debug|Any CPU.Build.0 = Debug|Any CPU
		{85808456-7CE3-4F06-B243-8F3AA5A4EEBA}.Release|Any CPU.ActiveCfg = Release|Any CPU
		{85808456-7CE3-4F06-B243-8F3AA5A4EEBA}.Release|Any CPU.Build.0 = Release|Any CPU
		{E7306CB1-AF31-49C9-B386-B1AAC7C0E9C0}.Debug|Any CPU.ActiveCfg = Debug|Any CPU
		{E7306CB1-AF31-49C9-B386-B1AAC7C0E9C0}.Debug|Any CPU.Build.0 = Debug|Any CPU
		{E7306CB1-AF31-49C9-B386-B1AAC7C0E9C0}.Release|Any CPU.ActiveCfg = Release|Any CPU
		{E7306CB1-AF31-49C9-B386-B1AAC7C0E9C0}.Release|Any CPU.Build.0 = Release|Any CPU
		{B4783DF2-9013-4E5A-9624-C2FCF19339A2}.Debug|Any CPU.ActiveCfg = Debug|Any CPU
		{B4783DF2-9013-4E5A-9624-C2FCF19339A2}.Debug|Any CPU.Build.0 = Debug|Any CPU
		{B4783DF2-9013-4E5A-9624-C2FCF19339A2}.Release|Any CPU.ActiveCfg = Release|Any CPU
		{B4783DF2-9013-4E5A-9624-C2FCF19339A2}.Release|Any CPU.Build.0 = Release|Any CPU
		{52F1D6D6-1F69-435E-BE50-978A19A4E66A}.Debug|Any CPU.ActiveCfg = Debug|Any CPU
		{52F1D6D6-1F69-435E-BE50-978A19A4E66A}.Debug|Any CPU.Build.0 = Debug|Any CPU
		{52F1D6D6-1F69-435E-BE50-978A19A4E66A}.Release|Any CPU.ActiveCfg = Release|Any CPU
		{52F1D6D6-1F69-435E-BE50-978A19A4E66A}.Release|Any CPU.Build.0 = Release|Any CPU
	EndGlobalSection
	GlobalSection(SolutionProperties) = preSolution
		HideSolutionNode = FALSE
	EndGlobalSection
EndGlobal
